
Microsoft Visual Studio Solution File, Format Version 12.00
# Visual Studio Version 16
VisualStudioVersion = 16.0.29709.97
MinimumVisualStudioVersion = 10.0.40219.1
Project("{FAE04EC0-301F-11D3-BF4B-00C04F79EFBC}") = "ConsoleApp1", "ConsoleApp1\ConsoleApp1.csproj", "{ACC98AE5-8B90-473A-A705-FE379F92892A}"
EndProject
Global
	GlobalSection(SolutionConfigurationPlatforms) = preSolution
		Debug|Any CPU = Debug|Any CPU
		Release|Any CPU = Release|Any CPU
	EndGlobalSection
	GlobalSection(ProjectConfigurationPlatforms) = postSolution
		{ACC98AE5-8B90-473A-A705-FE379F92892A}.Debug|Any CPU.ActiveCfg = Debug|Any CPU
		{ACC98AE5-8B90-473A-A705-FE379F92892A}.Debug|Any CPU.Build.0 = Debug|Any CPU
		{ACC98AE5-8B90-473A-A705-FE379F92892A}.Release|Any CPU.ActiveCfg = Release|Any CPU
		{ACC98AE5-8B90-473A-A705-FE379F92892A}.Release|Any CPU.Build.0 = Release|Any CPU
	EndGlobalSection
	GlobalSection(SolutionProperties) = preSolution
		HideSolutionNode = FALSE
	EndGlobalSection
	GlobalSection(ExtensibilityGlobals) = postSolution
		SolutionGuid = {4989B427-4E64-47B6-8E85-3CEE93F802AC}
	EndGlobalSection
EndGlobal
